<Solution>
  <Project Path="Tests/Tests.csproj" />
  <Project Path="Sandbox/Sandbox.csproj" />
  <Folder Name="/Engine/">
    <Project Path="Engine/Spatial/Mirage.Spatial.csproj" />
    <Project Path="Engine/Scheduler/Mirage.Scheduler.csproj" />
    <Project Path="Engine/Windowing/Mirage.Windowing.csproj" />
    <Project Path="Engine/Math/Mirage.Math.csproj" />
    <Project Path="Engine/Common/Mirage.Common.csproj" />
    <Project Path="Engine/Graph/Mirage.Graph.csproj" />
    <Project Path="Engine/Graphics/Mirage.Graphics.csproj" />
  </Folder>
</Solution>
