<Solution>
  <Project Path="Tests/Tests.csproj" />
  <Project Path="Sandbox/Sandbox.csproj" />
  <Folder Name="/Engine/">
    <Project Path="Engine/Spatial/Mirage.Spatial.csproj" />
    <Project Path="Engine/Windowing/Mirage.Windowing.csproj" />
    <Project Path="Engine/Math/Mirage.Math.csproj" />
    <Project Path="Engine/Common/Mirage.Common.csproj" />
    <Project Path="Engine/Graphics/Mirage.Graphics.csproj" />
    <Project Path="Engine/Noding/Mirage.Noding.csproj" />
    <Project Path="Engine/Handling/Mirage.Handling.csproj" />
    <Project Path="Engine/Loading/Mirage.Loading.csproj" />
    <Project Path="Engine/Rendering/Mirage.Rendering.csproj" />
    <Project Path="Engine/Scheduling/Mirage.Scheduling.csproj" />
  </Folder>
</Solution>
